
Microsoft Visual Studio Solution File, Format Version 12.00
# Visual Studio Version 17
VisualStudioVersion = 17.2.32519.379
MinimumVisualStudioVersion = 10.0.40219.1
Project("{FAE04EC0-301F-11D3-BF4B-00C04F79EFBC}") = "CloudSyncManager", "CloudSyncManager\CloudSyncManager.csproj", "{757D7C6C-D8B0-4AA4-ACBC-91C43761A405}"
EndProject
Global
	GlobalSection(SolutionConfigurationPlatforms) = preSolution
		Debug|Any CPU = Debug|Any CPU
		Release|Any CPU = Release|Any CPU
	EndGlobalSection
	GlobalSection(ProjectConfigurationPlatforms) = postSolution
		{757D7C6C-D8B0-4AA4-ACBC-91C43761A405}.Debug|Any CPU.ActiveCfg = Debug|Any CPU
		{757D7C6C-D8B0-4AA4-ACBC-91C43761A405}.Debug|Any CPU.Build.0 = Debug|Any CPU
		{757D7C6C-D8B0-4AA4-ACBC-91C43761A405}.Release|Any CPU.ActiveCfg = Release|Any CPU
		{757D7C6C-D8B0-4AA4-ACBC-91C43761A405}.Release|Any CPU.Build.0 = Release|Any CPU
	EndGlobalSection
	GlobalSection(SolutionProperties) = preSolution
		HideSolutionNode = FALSE
	EndGlobalSection
	GlobalSection(ExtensibilityGlobals) = postSolution
		SolutionGuid = {E3201CFD-181C-4728-8DE3-4340D8EE1209}
	EndGlobalSection
EndGlobal
